// !$*UTF8*$!
{
	archiveVersion = 1;
	classes = {
	};
	objectVersion = 46;
	objects = {

/* Begin PBXBuildFile section */
		210E48B81F41432300CB2E32 /* AppDelegate.swift in Sources */ = {isa = PBXBuildFile; fileRef = 210E48B71F41432300CB2E32 /* AppDelegate.swift */; };
		210E48BA1F41432300CB2E32 /* ViewController.swift in Sources */ = {isa = PBXBuildFile; fileRef = 210E48B91F41432300CB2E32 /* ViewController.swift */; };
		210E48BD1F41432300CB2E32 /* Main.storyboard in Resources */ = {isa = PBXBuildFile; fileRef = 210E48BB1F41432300CB2E32 /* Main.storyboard */; };
		210E48BF1F41432300CB2E32 /* Assets.xcassets in Resources */ = {isa = PBXBuildFile; fileRef = 210E48BE1F41432300CB2E32 /* Assets.xcassets */; };
		210E48C21F41432300CB2E32 /* LaunchScreen.storyboard in Resources */ = {isa = PBXBuildFile; fileRef = 210E48C01F41432300CB2E32 /* LaunchScreen.storyboard */; };
		210E48CA1F41448C00CB2E32 /* SecoundViewController.swift in Sources */ = {isa = PBXBuildFile; fileRef = 210E48C91F41448C00CB2E32 /* SecoundViewController.swift */; };
		210E48D41F41465500CB2E32 /* 1.jpg in Resources */ = {isa = PBXBuildFile; fileRef = 210E48CB1F41465500CB2E32 /* 1.jpg */; };
		210E48D51F41465500CB2E32 /* 2.jpg in Resources */ = {isa = PBXBuildFile; fileRef = 210E48CC1F41465500CB2E32 /* 2.jpg */; };
		210E48D61F41465500CB2E32 /* 3.jpg in Resources */ = {isa = PBXBuildFile; fileRef = 210E48CD1F41465500CB2E32 /* 3.jpg */; };
		210E48D71F41465500CB2E32 /* 4.jpg in Resources */ = {isa = PBXBuildFile; fileRef = 210E48CE1F41465500CB2E32 /* 4.jpg */; };
		210E48D81F41465500CB2E32 /* 5.jpg in Resources */ = {isa = PBXBuildFile; fileRef = 210E48CF1F41465500CB2E32 /* 5.jpg */; };
		210E48D91F41465500CB2E32 /* 6.jpg in Resources */ = {isa = PBXBuildFile; fileRef = 210E48D01F41465500CB2E32 /* 6.jpg */; };
		210E48DA1F41465500CB2E32 /* 7.jpg in Resources */ = {isa = PBXBuildFile; fileRef = 210E48D11F41465500CB2E32 /* 7.jpg */; };
		210E48DB1F41465500CB2E32 /* 8.jpg in Resources */ = {isa = PBXBuildFile; fileRef = 210E48D21F41465500CB2E32 /* 8.jpg */; };
		210E48DC1F41465500CB2E32 /* 9.jpg in Resources */ = {isa = PBXBuildFile; fileRef = 210E48D31F41465500CB2E32 /* 9.jpg */; };
/* End PBXBuildFile section */

/* Begin PBXFileReference section */
		210E48B41F41432300CB2E32 /* SlideshowApp.app */ = {isa = PBXFileReference; explicitFileType = wrapper.application; includeInIndex = 0; path = SlideshowApp.app; sourceTree = BUILT_PRODUCTS_DIR; };
		210E48B71F41432300CB2E32 /* AppDelegate.swift */ = {isa = PBXFileReference; lastKnownFileType = sourcecode.swift; path = AppDelegate.swift; sourceTree = "<group>"; };
		210E48B91F41432300CB2E32 /* ViewController.swift */ = {isa = PBXFileReference; lastKnownFileType = sourcecode.swift; path = ViewController.swift; sourceTree = "<group>"; };
		210E48BC1F41432300CB2E32 /* Base */ = {isa = PBXFileReference; lastKnownFileType = file.storyboard; name = Base; path = Base.lproj/Main.storyboard; sourceTree = "<group>"; };
		210E48BE1F41432300CB2E32 /* Assets.xcassets */ = {isa = PBXFileReference; lastKnownFileType = folder.assetcatalog; path = Assets.xcassets; sourceTree = "<group>"; };
		210E48C11F41432300CB2E32 /* Base */ = {isa = PBXFileReference; lastKnownFileType = file.storyboard; name = Base; path = Base.lproj/LaunchScreen.storyboard; sourceTree = "<group>"; };
		210E48C31F41432300CB2E32 /* Info.plist */ = {isa = PBXFileReference; lastKnownFileType = text.plist.xml; path = Info.plist; sourceTree = "<group>"; };
		210E48C91F41448C00CB2E32 /* SecoundViewController.swift */ = {isa = PBXFileReference; fileEncoding = 4; lastKnownFileType = sourcecode.swift; path = SecoundViewController.swift; sourceTree = "<group>"; };
		210E48CB1F41465500CB2E32 /* 1.jpg */ = {isa = PBXFileReference; lastKnownFileType = image.jpeg; path = 1.jpg; sourceTree = "<group>"; };
		210E48CC1F41465500CB2E32 /* 2.jpg */ = {isa = PBXFileReference; lastKnownFileType = image.jpeg; path = 2.jpg; sourceTree = "<group>"; };
		210E48CD1F41465500CB2E32 /* 3.jpg */ = {isa = PBXFileReference; lastKnownFileType = image.jpeg; path = 3.jpg; sourceTree = "<group>"; };
		210E48CE1F41465500CB2E32 /* 4.jpg */ = {isa = PBXFileReference; lastKnownFileType = image.jpeg; path = 4.jpg; sourceTree = "<group>"; };
		210E48CF1F41465500CB2E32 /* 5.jpg */ = {isa = PBXFileReference; lastKnownFileType = image.jpeg; path = 5.jpg; sourceTree = "<group>"; };
		210E48D01F41465500CB2E32 /* 6.jpg */ = {isa = PBXFileReference; lastKnownFileType = image.jpeg; path = 6.jpg; sourceTree = "<group>"; };
		210E48D11F41465500CB2E32 /* 7.jpg */ = {isa = PBXFileReference; lastKnownFileType = image.jpeg; path = 7.jpg; sourceTree = "<group>"; };
		210E48D21F41465500CB2E32 /* 8.jpg */ = {isa = PBXFileReference; lastKnownFileType = image.jpeg; path = 8.jpg; sourceTree = "<group>"; };
		210E48D31F41465500CB2E32 /* 9.jpg */ = {isa = PBXFileReference; lastKnownFileType = image.jpeg; path = 9.jpg; sourceTree = "<group>"; };
/* End PBXFileReference section */

/* Begin PBXFrameworksBuildPhase section */
		210E48B11F41432300CB2E32 /* Frameworks */ = {
			isa = PBXFrameworksBuildPhase;
			buildActionMask = 2147483647;
			files = (
			);
			runOnlyForDeploymentPostprocessing = 0;
		};
/* End PBXFrameworksBuildPhase section */

/* Begin PBXGroup section */
		210E48AB1F41432300CB2E32 = {
			isa = PBXGroup;
			children = (
				210E48B61F41432300CB2E32 /* SlideshowApp */,
				210E48B51F41432300CB2E32 /* Products */,
				210E48CB1F41465500CB2E32 /* 1.jpg */,
				210E48CC1F41465500CB2E32 /* 2.jpg */,
				210E48CD1F41465500CB2E32 /* 3.jpg */,
				210E48CE1F41465500CB2E32 /* 4.jpg */,
				210E48CF1F41465500CB2E32 /* 5.jpg */,
				210E48D01F41465500CB2E32 /* 6.jpg */,
				210E48D11F41465500CB2E32 /* 7.jpg */,
				210E48D21F41465500CB2E32 /* 8.jpg */,
				210E48D31F41465500CB2E32 /* 9.jpg */,
			);
			sourceTree = "<group>";
		};
		210E48B51F41432300CB2E32 /* Products */ = {
			isa = PBXGroup;
			children = (
				210E48B41F41432300CB2E32 /* SlideshowApp.app */,
			);
			name = Products;
			sourceTree = "<group>";
		};
		210E48B61F41432300CB2E32 /* SlideshowApp */ = {
			isa = PBXGroup;
			children = (
				210E48B71F41432300CB2E32 /* AppDelegate.swift */,
				210E48B91F41432300CB2E32 /* ViewController.swift */,
				210E48BB1F41432300CB2E32 /* Main.storyboard */,
				210E48C91F41448C00CB2E32 /* SecoundViewController.swift */,
				210E48BE1F41432300CB2E32 /* Assets.xcassets */,
				210E48C01F41432300CB2E32 /* LaunchScreen.storyboard */,
				210E48C31F41432300CB2E32 /* Info.plist */,
			);
			path = SlideshowApp;
			sourceTree = "<group>";
		};
/* End PBXGroup section */

/* Begin PBXNativeTarget section */
		210E48B31F41432300CB2E32 /* SlideshowApp */ = {
			isa = PBXNativeTarget;
			buildConfigurationList = 210E48C61F41432300CB2E32 /* Build configuration list for PBXNativeTarget "SlideshowApp" */;
			buildPhases = (
				210E48B01F41432300CB2E32 /* Sources */,
				210E48B11F41432300CB2E32 /* Frameworks */,
				210E48B21F41432300CB2E32 /* Resources */,
			);
			buildRules = (
			);
			dependencies = (
			);
			name = SlideshowApp;
			productName = SlideshowApp;
			productReference = 210E48B41F41432300CB2E32 /* SlideshowApp.app */;
			productType = "com.apple.product-type.application";
		};
/* End PBXNativeTarget section */

/* Begin PBXProject section */
		210E48AC1F41432300CB2E32 /* Project object */ = {
			isa = PBXProject;
			attributes = {
				LastSwiftUpdateCheck = 0830;
				LastUpgradeCheck = 0830;
				ORGANIZATIONNAME = kousuke.yanagisawa;
				TargetAttributes = {
					210E48B31F41432300CB2E32 = {
						CreatedOnToolsVersion = 8.3.3;
						DevelopmentTeam = FRHW6RUYBM;
						ProvisioningStyle = Automatic;
					};
				};
			};
			buildConfigurationList = 210E48AF1F41432300CB2E32 /* Build configuration list for PBXProject "SlideshowApp" */;
			compatibilityVersion = "Xcode 3.2";
			developmentRegion = English;
			hasScannedForEncodings = 0;
			knownRegions = (
				en,
				Base,
			);
			mainGroup = 210E48AB1F41432300CB2E32;
			productRefGroup = 210E48B51F41432300CB2E32 /* Products */;
			projectDirPath = "";
			projectRoot = "";
			targets = (
				210E48B31F41432300CB2E32 /* SlideshowApp */,
			);
		};
/* End PBXProject section */

/* Begin PBXResourcesBuildPhase section */
		210E48B21F41432300CB2E32 /* Resources */ = {
			isa = PBXResourcesBuildPhase;
			buildActionMask = 2147483647;
			files = (
				210E48C21F41432300CB2E32 /* LaunchScreen.storyboard in Resources */,
				210E48D91F41465500CB2E32 /* 6.jpg in Resources */,
				210E48D51F41465500CB2E32 /* 2.jpg in Resources */,
				210E48DB1F41465500CB2E32 /* 8.jpg in Resources */,
				210E48D41F41465500CB2E32 /* 1.jpg in Resources */,
				210E48BF1F41432300CB2E32 /* Assets.xcassets in Resources */,
				210E48D71F41465500CB2E32 /* 4.jpg in Resources */,
				210E48DA1F41465500CB2E32 /* 7.jpg in Resources */,
				210E48BD1F41432300CB2E32 /* Main.storyboard in Resources */,
				210E48DC1F41465500CB2E32 /* 9.jpg in Resources */,
				210E48D61F41465500CB2E32 /* 3.jpg in Resources */,
				210E48D81F41465500CB2E32 /* 5.jpg in Resources */,
			);
			runOnlyForDeploymentPostprocessing = 0;
		};
/* End PBXResourcesBuildPhase section */

/* Begin PBXSourcesBuildPhase section */
		210E48B01F41432300CB2E32 /* Sources */ = {
			isa = PBXSourcesBuildPhase;
			buildActionMask = 2147483647;
			files = (
				210E48CA1F41448C00CB2E32 /* SecoundViewController.swift in Sources */,
				210E48BA1F41432300CB2E32 /* ViewController.swift in Sources */,
				210E48B81F41432300CB2E32 /* AppDelegate.swift in Sources */,
			);
			runOnlyForDeploymentPostprocessing = 0;
		};
/* End PBXSourcesBuildPhase section */

/* Begin PBXVariantGroup section */
		210E48BB1F41432300CB2E32 /* Main.storyboard */ = {
			isa = PBXVariantGroup;
			children = (
				210E48BC1F41432300CB2E32 /* Base */,
			);
			name = Main.storyboard;
			sourceTree = "<group>";
		};
		210E48C01F41432300CB2E32 /* LaunchScreen.storyboard */ = {
			isa = PBXVariantGroup;
			children = (
				210E48C11F41432300CB2E32 /* Base */,
			);
			name = LaunchScreen.storyboard;
			sourceTree = "<group>";
		};
/* End PBXVariantGroup section */

/* Begin XCBuildConfiguration section */
		210E48C41F41432300CB2E32 /* Debug */ = {
			isa = XCBuildConfiguration;
			buildSettings = {
				ALWAYS_SEARCH_USER_PATHS = NO;
				CLANG_ANALYZER_NONNULL = YES;
				CLANG_ANALYZER_NUMBER_OBJECT_CONVERSION = YES_AGGRESSIVE;
				CLANG_CXX_LANGUAGE_STANDARD = "gnu++0x";
				CLANG_CXX_LIBRARY = "libc++";
				CLANG_ENABLE_MODULES = YES;
				CLANG_ENABLE_OBJC_ARC = YES;
				CLANG_WARN_BOOL_CONVERSION = YES;
				CLANG_WARN_CONSTANT_CONVERSION = YES;
				CLANG_WARN_DIRECT_OBJC_ISA_USAGE = YES_ERROR;
				CLANG_WARN_DOCUMENTATION_COMMENTS = YES;
				CLANG_WARN_EMPTY_BODY = YES;
				CLANG_WARN_ENUM_CONVERSION = YES;
				CLANG_WARN_INFINITE_RECURSION = YES;
				CLANG_WARN_INT_CONVERSION = YES;
				CLANG_WARN_OBJC_ROOT_CLASS = YES_ERROR;
				CLANG_WARN_SUSPICIOUS_MOVE = YES;
				CLANG_WARN_UNREACHABLE_CODE = YES;
				CLANG_WARN__DUPLICATE_METHOD_MATCH = YES;
				"CODE_SIGN_IDENTITY[sdk=iphoneos*]" = "iPhone Developer";
				COPY_PHASE_STRIP = NO;
				DEBUG_INFORMATION_FORMAT = dwarf;
				ENABLE_STRICT_OBJC_MSGSEND = YES;
				ENABLE_TESTABILITY = YES;
				GCC_C_LANGUAGE_STANDARD = gnu99;
				GCC_DYNAMIC_NO_PIC = NO;
				GCC_NO_COMMON_BLOCKS = YES;
				GCC_OPTIMIZATION_LEVEL = 0;
				GCC_PREPROCESSOR_DEFINITIONS = (
					"DEBUG=1",
					"$(inherited)",
				);
				GCC_WARN_64_TO_32_BIT_CONVERSION = YES;
				GCC_WARN_ABOUT_RETURN_TYPE = YES_ERROR;
				GCC_WARN_UNDECLARED_SELECTOR = YES;
				GCC_WARN_UNINITIALIZED_AUTOS = YES_AGGRESSIVE;
				GCC_WARN_UNUSED_FUNCTION = YES;
				GCC_WARN_UNUSED_VARIABLE = YES;
				IPHONEOS_DEPLOYMENT_TARGET = 10.3;
				MTL_ENABLE_DEBUG_INFO = YES;
				ONLY_ACTIVE_ARCH = YES;
				SDKROOT = iphoneos;
				SWIFT_ACTIVE_COMPILATION_CONDITIONS = DEBUG;
				SWIFT_OPTIMIZATION_LEVEL = "-Onone";
			};
			name = Debug;
		};
		210E48C51F41432300CB2E32 /* Release */ = {
			isa = XCBuildConfiguration;
			buildSettings = {
				ALWAYS_SEARCH_USER_PATHS = NO;
				CLANG_ANALYZER_NONNULL = YES;
				CLANG_ANALYZER_NUMBER_OBJECT_CONVERSION = YES_AGGRESSIVE;
				CLANG_CXX_LANGUAGE_STANDARD = "gnu++0x";
				CLANG_CXX_LIBRARY = "libc++";
				CLANG_ENABLE_MODULES = YES;
				CLANG_ENABLE_OBJC_ARC = YES;
				CLANG_WARN_BOOL_CONVERSION = YES;
				CLANG_WARN_CONSTANT_CONVERSION = YES;
				CLANG_WARN_DIRECT_OBJC_ISA_USAGE = YES_ERROR;
				CLANG_WARN_DOCUMENTATION_COMMENTS = YES;
				CLANG_WARN_EMPTY_BODY = YES;
				CLANG_WARN_ENUM_CONVERSION = YES;
				CLANG_WARN_INFINITE_RECURSION = YES;
				CLANG_WARN_INT_CONVERSION = YES;
				CLANG_WARN_OBJC_ROOT_CLASS = YES_ERROR;
				CLANG_WARN_SUSPICIOUS_MOVE = YES;
				CLANG_WARN_UNREACHABLE_CODE = YES;
				CLANG_WARN__DUPLICATE_METHOD_MATCH = YES;
				"CODE_SIGN_IDENTITY[sdk=iphoneos*]" = "iPhone Developer";
				COPY_PHASE_STRIP = NO;
				DEBUG_INFORMATION_FORMAT = "dwarf-with-dsym";
				ENABLE_NS_ASSERTIONS = NO;
				ENABLE_STRICT_OBJC_MSGSEND = YES;
				GCC_C_LANGUAGE_STANDARD = gnu99;
				GCC_NO_COMMON_BLOCKS = YES;
				GCC_WARN_64_TO_32_BIT_CONVERSION = YES;
				GCC_WARN_ABOUT_RETURN_TYPE = YES_ERROR;
				GCC_WARN_UNDECLARED_SELECTOR = YES;
				GCC_WARN_UNINITIALIZED_AUTOS = YES_AGGRESSIVE;
				GCC_WARN_UNUSED_FUNCTION = YES;
				GCC_WARN_UNUSED_VARIABLE = YES;
				IPHONEOS_DEPLOYMENT_TARGET = 10.3;
				MTL_ENABLE_DEBUG_INFO = NO;
				SDKROOT = iphoneos;
				SWIFT_OPTIMIZATION_LEVEL = "-Owholemodule";
				VALIDATE_PRODUCT = YES;
			};
			name = Release;
		};
		210E48C71F41432300CB2E32 /* Debug */ = {
			isa = XCBuildConfiguration;
			buildSettings = {
				ASSETCATALOG_COMPILER_APPICON_NAME = AppIcon;
				DEVELOPMENT_TEAM = FRHW6RUYBM;
				INFOPLIST_FILE = SlideshowApp/Info.plist;
				LD_RUNPATH_SEARCH_PATHS = "$(inherited) @executable_path/Frameworks";
				PRODUCT_BUNDLE_IDENTIFIER = jp.techacademy.kousuke.yanagisawa.SlideshowApp;
				PRODUCT_NAME = "$(TARGET_NAME)";
				SWIFT_VERSION = 3.0;
			};
			name = Debug;
		};
		210E48C81F41432300CB2E32 /* Release */ = {
			isa = XCBuildConfiguration;
			buildSettings = {
				ASSETCATALOG_COMPILER_APPICON_NAME = AppIcon;
				DEVELOPMENT_TEAM = FRHW6RUYBM;
				INFOPLIST_FILE = SlideshowApp/Info.plist;
				LD_RUNPATH_SEARCH_PATHS = "$(inherited) @executable_path/Frameworks";
				PRODUCT_BUNDLE_IDENTIFIER = jp.techacademy.kousuke.yanagisawa.SlideshowApp;
				PRODUCT_NAME = "$(TARGET_NAME)";
				SWIFT_VERSION = 3.0;
			};
			name = Release;
		};
/* End XCBuildConfiguration section */

/* Begin XCConfigurationList section */
		210E48AF1F41432300CB2E32 /* Build configuration list for PBXProject "SlideshowApp" */ = {
			isa = XCConfigurationList;
			buildConfigurations = (
				210E48C41F41432300CB2E32 /* Debug */,
				210E48C51F41432300CB2E32 /* Release */,
			);
			defaultConfigurationIsVisible = 0;
			defaultConfigurationName = Release;
		};
		210E48C61F41432300CB2E32 /* Build configuration list for PBXNativeTarget "SlideshowApp" */ = {
			isa = XCConfigurationList;
			buildConfigurations = (
				210E48C71F41432300CB2E32 /* Debug */,
				210E48C81F41432300CB2E32 /* Release */,
			);
			defaultConfigurationIsVisible = 0;
			defaultConfigurationName = Release;
		};
/* End XCConfigurationList section */
	};
	rootObject = 210E48AC1F41432300CB2E32 /* Project object */;
}
